
Microsoft Visual Studio Solution File, Format Version 12.00
# Visual Studio Version 17
VisualStudioVersion = 17.2.32505.173
MinimumVisualStudioVersion = 10.0.40219.1
Project("{FAE04EC0-301F-11D3-BF4B-00C04F79EFBC}") = "api", "api\api.csproj", "{7365013A-BA21-4631-BAC2-3FCFDAB28DAF}"
EndProject
Global
	GlobalSection(SolutionConfigurationPlatforms) = preSolution
		Debug|Any CPU = Debug|Any CPU
		Release|Any CPU = Release|Any CPU
	EndGlobalSection
	GlobalSection(ProjectConfigurationPlatforms) = postSolution
		{7365013A-BA21-4631-BAC2-3FCFDAB28DAF}.Debug|Any CPU.ActiveCfg = Debug|Any CPU
		{7365013A-BA21-4631-BAC2-3FCFDAB28DAF}.Debug|Any CPU.Build.0 = Debug|Any CPU
		{7365013A-BA21-4631-BAC2-3FCFDAB28DAF}.Release|Any CPU.ActiveCfg = Release|Any CPU
		{7365013A-BA21-4631-BAC2-3FCFDAB28DAF}.Release|Any CPU.Build.0 = Release|Any CPU
	EndGlobalSection
	GlobalSection(SolutionProperties) = preSolution
		HideSolutionNode = FALSE
	EndGlobalSection
	GlobalSection(ExtensibilityGlobals) = postSolution
		SolutionGuid = {8DB5A7C7-D9EB-4B7C-B10E-9AE519F801BC}
	EndGlobalSection
EndGlobal
